
Microsoft Visual Studio Solution File, Format Version 12.00
# Visual Studio 2015
Project("{FAE04EC0-301F-11D3-BF4B-00C04F79EFBC}") = "Combos.CSharp", "Combos.CSharp.csproj", "{4F9E8C5E-0535-3C2A-6CFC-4FFA2AF30DD0}"
EndProject
Project("{FAE04EC0-301F-11D3-BF4B-00C04F79EFBC}") = "Combos.CSharp.Editor", "Combos.CSharp.Editor.csproj", "{B5EF64D3-D347-84BA-C673-8CE513AD28A3}"
EndProject
Global
	GlobalSection(SolutionConfigurationPlatforms) = preSolution
		Debug|Any CPU = Debug|Any CPU
		Release|Any CPU = Release|Any CPU
	EndGlobalSection
	GlobalSection(ProjectConfigurationPlatforms) = postSolution
		{4F9E8C5E-0535-3C2A-6CFC-4FFA2AF30DD0}.Debug|Any CPU.ActiveCfg = Debug|Any CPU
		{4F9E8C5E-0535-3C2A-6CFC-4FFA2AF30DD0}.Debug|Any CPU.Build.0 = Debug|Any CPU
		{4F9E8C5E-0535-3C2A-6CFC-4FFA2AF30DD0}.Release|Any CPU.ActiveCfg = Release|Any CPU
		{4F9E8C5E-0535-3C2A-6CFC-4FFA2AF30DD0}.Release|Any CPU.Build.0 = Release|Any CPU
		{B5EF64D3-D347-84BA-C673-8CE513AD28A3}.Debug|Any CPU.ActiveCfg = Debug|Any CPU
		{B5EF64D3-D347-84BA-C673-8CE513AD28A3}.Debug|Any CPU.Build.0 = Debug|Any CPU
		{B5EF64D3-D347-84BA-C673-8CE513AD28A3}.Release|Any CPU.ActiveCfg = Release|Any CPU
		{B5EF64D3-D347-84BA-C673-8CE513AD28A3}.Release|Any CPU.Build.0 = Release|Any CPU
	EndGlobalSection
	GlobalSection(SolutionProperties) = preSolution
		HideSolutionNode = FALSE
	EndGlobalSection
EndGlobal
